
Microsoft Visual Studio Solution File, Format Version 12.00
# Visual Studio Version 17
VisualStudioVersion = 17.10.35013.160
MinimumVisualStudioVersion = 10.0.40219.1
Project("{FAE04EC0-301F-11D3-BF4B-00C04F79EFBC}") = "VirtualShop.ProductApi", "VirtualShop.ProductApi\VirtualShop.ProductApi.csproj", "{FF3DFDDA-D4EE-41FD-8943-06E23BC9059D}"
EndProject
Global
	GlobalSection(SolutionConfigurationPlatforms) = preSolution
		Debug|Any CPU = Debug|Any CPU
		Release|Any CPU = Release|Any CPU
	EndGlobalSection
	GlobalSection(ProjectConfigurationPlatforms) = postSolution
		{FF3DFDDA-D4EE-41FD-8943-06E23BC9059D}.Debug|Any CPU.ActiveCfg = Debug|Any CPU
		{FF3DFDDA-D4EE-41FD-8943-06E23BC9059D}.Debug|Any CPU.Build.0 = Debug|Any CPU
		{FF3DFDDA-D4EE-41FD-8943-06E23BC9059D}.Release|Any CPU.ActiveCfg = Release|Any CPU
		{FF3DFDDA-D4EE-41FD-8943-06E23BC9059D}.Release|Any CPU.Build.0 = Release|Any CPU
	EndGlobalSection
	GlobalSection(SolutionProperties) = preSolution
		HideSolutionNode = FALSE
	EndGlobalSection
	GlobalSection(ExtensibilityGlobals) = postSolution
		SolutionGuid = {5F4664D5-03C7-46C7-9242-A66CA8329466}
	EndGlobalSection
EndGlobal
